hash: caf1224c4dacdf1fb7a75f2b8e23a47669dbb3331f4eb5cc5ce7ada843c7a55a
updated: 2018-08-03T15:39:05.58280516+02:00
imports:
- name: github.com/gorilla/websocket
  version: 5ed622c449da6d44c3c8329331ff47a9e5844f71
testImports:
- name: github.com/op/go-logging
  version: 970db520ece77730c7e4724c61121037378659d9
