hash: fc178ab69049a8c2867cb895f0e414d5d79920160b349fc57f82f19b3acbe25c
updated: 2018-08-10T12:18:20.312739023+02:00
imports:
- name: github.com/golang/protobuf
  version: 89a0c16f4dc2a70c0ed864d8ef64878f24fdaa51
  subpackages:
  - proto
- name: github.com/gorilla/websocket
  version: 5ed622c449da6d44c3c8329331ff47a9e5844f71
testImports:
- name: github.com/op/go-logging
  version: 970db520ece77730c7e4724c61121037378659d9
